
Microsoft Visual Studio Solution File, Format Version 12.00
# Visual Studio Version 17
VisualStudioVersion = 17.2.32519.379
MinimumVisualStudioVersion = 10.0.40219.1
Project("{FAE04EC0-301F-11D3-BF4B-00C04F79EFBC}") = "Exercicio 5", "Exercicio 5\Exercicio 5.csproj", "{D50408AB-368D-49C0-A7F6-6F0497B44481}"
EndProject
Global
	GlobalSection(SolutionConfigurationPlatforms) = preSolution
		Debug|Any CPU = Debug|Any CPU
		Release|Any CPU = Release|Any CPU
	EndGlobalSection
	GlobalSection(ProjectConfigurationPlatforms) = postSolution
		{D50408AB-368D-49C0-A7F6-6F0497B44481}.Debug|Any CPU.ActiveCfg = Debug|Any CPU
		{D50408AB-368D-49C0-A7F6-6F0497B44481}.Debug|Any CPU.Build.0 = Debug|Any CPU
		{D50408AB-368D-49C0-A7F6-6F0497B44481}.Release|Any CPU.ActiveCfg = Release|Any CPU
		{D50408AB-368D-49C0-A7F6-6F0497B44481}.Release|Any CPU.Build.0 = Release|Any CPU
	EndGlobalSection
	GlobalSection(SolutionProperties) = preSolution
		HideSolutionNode = FALSE
	EndGlobalSection
	GlobalSection(ExtensibilityGlobals) = postSolution
		SolutionGuid = {1A20A341-4FCE-40B2-A3C7-68BC061B9569}
	EndGlobalSection
EndGlobal
