
Microsoft Visual Studio Solution File, Format Version 12.00
# Visual Studio Version 17
VisualStudioVersion = 17.2.32519.379
MinimumVisualStudioVersion = 10.0.40219.1
Project("{FAE04EC0-301F-11D3-BF4B-00C04F79EFBC}") = "Segunda S2", "Segunda S2\Segunda S2.csproj", "{467A9844-2CDC-454D-9B39-FCDD83A308B0}"
EndProject
Global
	GlobalSection(SolutionConfigurationPlatforms) = preSolution
		Debug|Any CPU = Debug|Any CPU
		Release|Any CPU = Release|Any CPU
	EndGlobalSection
	GlobalSection(ProjectConfigurationPlatforms) = postSolution
		{467A9844-2CDC-454D-9B39-FCDD83A308B0}.Debug|Any CPU.ActiveCfg = Debug|Any CPU
		{467A9844-2CDC-454D-9B39-FCDD83A308B0}.Debug|Any CPU.Build.0 = Debug|Any CPU
		{467A9844-2CDC-454D-9B39-FCDD83A308B0}.Release|Any CPU.ActiveCfg = Release|Any CPU
		{467A9844-2CDC-454D-9B39-FCDD83A308B0}.Release|Any CPU.Build.0 = Release|Any CPU
	EndGlobalSection
	GlobalSection(SolutionProperties) = preSolution
		HideSolutionNode = FALSE
	EndGlobalSection
	GlobalSection(ExtensibilityGlobals) = postSolution
		SolutionGuid = {7169D5AD-3AD4-498B-A27E-1E453A0AD94A}
	EndGlobalSection
EndGlobal
